
Microsoft Visual Studio Solution File, Format Version 12.00
# Visual Studio 14
VisualStudioVersion = 14.0.25420.1
MinimumVisualStudioVersion = 10.0.40219.1
Project("{2150E333-8FDC-42A3-9474-1A3956D46DE8}") = "src", "src", "{23912551-289D-43BF-9B2D-5385308A09E4}"
EndProject
Project("{FAE04EC0-301F-11D3-BF4B-00C04F79EFBC}") = "Orc.FilterBuilder.NET40", "Orc.FilterBuilder\Orc.FilterBuilder.NET40\Orc.FilterBuilder.NET40.csproj", "{6F5EB0C1-7E36-413D-8463-968B7F86FE53}"
EndProject
Project("{FAE04EC0-301F-11D3-BF4B-00C04F79EFBC}") = "Orc.FilterBuilder.Example", "Orc.FilterBuilder.Example\Orc.FilterBuilder.Example.csproj", "{FDD8B37C-268C-41B6-8E64-EB49A827532D}"
EndProject
Project("{FAE04EC0-301F-11D3-BF4B-00C04F79EFBC}") = "Orc.FilterBuilder.Tests.NET40", "Orc.FilterBuilder.Tests\Orc.FilterBuilder.Tests.NET40\Orc.FilterBuilder.Tests.NET40.csproj", "{1E4A6610-74F8-477B-BB07-A9C2CC6763ED}"
EndProject
Project("{2150E333-8FDC-42A3-9474-1A3956D46DE8}") = "misc", "misc", "{F9F59E5A-A3B1-47AF-938E-35C8793BC341}"
	ProjectSection(SolutionItems) = preProject
		nuget.config = nuget.config
		Orc.FilterBuilder.sln.DotSettings = Orc.FilterBuilder.sln.DotSettings
		Settings.StyleCop = Settings.StyleCop
		SolutionAssemblyInfo.cs = SolutionAssemblyInfo.cs
	EndProjectSection
EndProject
Project("{2150E333-8FDC-42A3-9474-1A3956D46DE8}") = "Core", "Core", "{EF646E4B-A54F-4160-AAD6-4142E6736489}"
EndProject
Project("{2150E333-8FDC-42A3-9474-1A3956D46DE8}") = "Example", "Example", "{6B402D49-4EA5-49E0-B717-F957A9415915}"
EndProject
Project("{2150E333-8FDC-42A3-9474-1A3956D46DE8}") = "Tests", "Tests", "{C5407F4F-E6E4-426D-9E39-1D8AE2303080}"
EndProject
Project("{D954291E-2A0B-460D-934E-DC6B0785DB48}") = "Orc.FilterBuilder.Shared", "Orc.FilterBuilder\Orc.FilterBuilder.Shared\Orc.FilterBuilder.Shared.shproj", "{050CEA5D-DACB-41C0-BDB7-2149DFCC53A1}"
EndProject
Project("{D954291E-2A0B-460D-934E-DC6B0785DB48}") = "Orc.FilterBuilder.Tests.Shared", "Orc.FilterBuilder.Tests\Orc.FilterBuilder.Tests.Shared\Orc.FilterBuilder.Tests.Shared.shproj", "{32932BA3-F415-428E-9196-40D6CDCC7D50}"
EndProject
Project("{FAE04EC0-301F-11D3-BF4B-00C04F79EFBC}") = "Orc.FilterBuilder.NET45", "Orc.FilterBuilder\Orc.FilterBuilder.NET45\Orc.FilterBuilder.NET45.csproj", "{DF2FDBDC-F137-419D-A0AE-451B70B0B9E8}"
EndProject
Project("{FAE04EC0-301F-11D3-BF4B-00C04F79EFBC}") = "Orc.FilterBuilder.Tests.NET45", "Orc.FilterBuilder.Tests\Orc.FilterBuilder.Tests.NET45\Orc.FilterBuilder.Tests.NET45.csproj", "{5A88454A-D65B-49BF-8165-7E2CDAE446B0}"
EndProject
Project("{FAE04EC0-301F-11D3-BF4B-00C04F79EFBC}") = "Orc.FilterBuilder.NET46", "Orc.FilterBuilder\Orc.FilterBuilder.NET46\Orc.FilterBuilder.NET46.csproj", "{66BE4C8A-A6D2-4157-9261-5EEAE1135FBB}"
EndProject
Project("{FAE04EC0-301F-11D3-BF4B-00C04F79EFBC}") = "Orc.FilterBuilder.Tests.NET46", "Orc.FilterBuilder.Tests\Orc.FilterBuilder.Tests.NET40\Orc.FilterBuilder.Tests.NET46\Orc.FilterBuilder.Tests.NET46.csproj", "{CFF8901D-66CA-4201-A232-8B09979801EA}"
EndProject
Project("{D954291E-2A0B-460D-934E-DC6B0785DB48}") = "Orc.FilterBuilder.Shared.WPF", "Orc.FilterBuilder\Orc.FilterBuilder.Shared.WPF\Orc.FilterBuilder.Shared.WPF.shproj", "{F6AACF5A-663B-4315-B7A9-05F785F3E9DA}"
EndProject
Global
	GlobalSection(SharedMSBuildProjectFiles) = preSolution
		Orc.FilterBuilder\Orc.FilterBuilder.Shared\Orc.FilterBuilder.Shared.projitems*{050cea5d-dacb-41c0-bdb7-2149dfcc53a1}*SharedItemsImports = 13
		Orc.FilterBuilder.Tests\Orc.FilterBuilder.Tests.Shared\Orc.FilterBuilder.Tests.Shared.projitems*{1e4a6610-74f8-477b-bb07-a9c2cc6763ed}*SharedItemsImports = 4
		Orc.FilterBuilder.Tests\Orc.FilterBuilder.Tests.Shared\Orc.FilterBuilder.Tests.Shared.projitems*{32932ba3-f415-428e-9196-40d6cdcc7d50}*SharedItemsImports = 13
		Orc.FilterBuilder.Tests\Orc.FilterBuilder.Tests.Shared\Orc.FilterBuilder.Tests.Shared.projitems*{5a88454a-d65b-49bf-8165-7e2cdae446b0}*SharedItemsImports = 4
		Orc.FilterBuilder\Orc.FilterBuilder.Shared.WPF\Orc.FilterBuilder.Shared.WPF.projitems*{66be4c8a-a6d2-4157-9261-5eeae1135fbb}*SharedItemsImports = 4
		Orc.FilterBuilder\Orc.FilterBuilder.Shared\Orc.FilterBuilder.Shared.projitems*{66be4c8a-a6d2-4157-9261-5eeae1135fbb}*SharedItemsImports = 4
		Orc.FilterBuilder\Orc.FilterBuilder.Shared.WPF\Orc.FilterBuilder.Shared.WPF.projitems*{6f5eb0c1-7e36-413d-8463-968b7f86fe53}*SharedItemsImports = 4
		Orc.FilterBuilder\Orc.FilterBuilder.Shared\Orc.FilterBuilder.Shared.projitems*{6f5eb0c1-7e36-413d-8463-968b7f86fe53}*SharedItemsImports = 4
		Orc.FilterBuilder.Tests\Orc.FilterBuilder.Tests.Shared\Orc.FilterBuilder.Tests.Shared.projitems*{cff8901d-66ca-4201-a232-8b09979801ea}*SharedItemsImports = 4
		Orc.FilterBuilder\Orc.FilterBuilder.Shared.WPF\Orc.FilterBuilder.Shared.WPF.projitems*{df2fdbdc-f137-419d-a0ae-451b70b0b9e8}*SharedItemsImports = 4
		Orc.FilterBuilder\Orc.FilterBuilder.Shared\Orc.FilterBuilder.Shared.projitems*{df2fdbdc-f137-419d-a0ae-451b70b0b9e8}*SharedItemsImports = 4
		Orc.FilterBuilder\Orc.FilterBuilder.Shared.WPF\Orc.FilterBuilder.Shared.WPF.projitems*{f6aacf5a-663b-4315-b7a9-05f785f3e9da}*SharedItemsImports = 13
	EndGlobalSection
	GlobalSection(SolutionConfigurationPlatforms) = preSolution
		Debug|Any CPU = Debug|Any CPU
		Release|Any CPU = Release|Any CPU
	EndGlobalSection
	GlobalSection(ProjectConfigurationPlatforms) = postSolution
		{6F5EB0C1-7E36-413D-8463-968B7F86FE53}.Debug|Any CPU.ActiveCfg = Debug|Any CPU
		{6F5EB0C1-7E36-413D-8463-968B7F86FE53}.Debug|Any CPU.Build.0 = Debug|Any CPU
		{6F5EB0C1-7E36-413D-8463-968B7F86FE53}.Release|Any CPU.ActiveCfg = Release|Any CPU
		{6F5EB0C1-7E36-413D-8463-968B7F86FE53}.Release|Any CPU.Build.0 = Release|Any CPU
		{FDD8B37C-268C-41B6-8E64-EB49A827532D}.Debug|Any CPU.ActiveCfg = Debug|Any CPU
		{FDD8B37C-268C-41B6-8E64-EB49A827532D}.Debug|Any CPU.Build.0 = Debug|Any CPU
		{FDD8B37C-268C-41B6-8E64-EB49A827532D}.Release|Any CPU.ActiveCfg = Release|Any CPU
		{FDD8B37C-268C-41B6-8E64-EB49A827532D}.Release|Any CPU.Build.0 = Release|Any CPU
		{1E4A6610-74F8-477B-BB07-A9C2CC6763ED}.Debug|Any CPU.ActiveCfg = Debug|Any CPU
		{1E4A6610-74F8-477B-BB07-A9C2CC6763ED}.Debug|Any CPU.Build.0 = Debug|Any CPU
		{1E4A6610-74F8-477B-BB07-A9C2CC6763ED}.Release|Any CPU.ActiveCfg = Release|Any CPU
		{1E4A6610-74F8-477B-BB07-A9C2CC6763ED}.Release|Any CPU.Build.0 = Release|Any CPU
		{DF2FDBDC-F137-419D-A0AE-451B70B0B9E8}.Debug|Any CPU.ActiveCfg = Debug|Any CPU
		{DF2FDBDC-F137-419D-A0AE-451B70B0B9E8}.Debug|Any CPU.Build.0 = Debug|Any CPU
		{DF2FDBDC-F137-419D-A0AE-451B70B0B9E8}.Release|Any CPU.ActiveCfg = Release|Any CPU
		{DF2FDBDC-F137-419D-A0AE-451B70B0B9E8}.Release|Any CPU.Build.0 = Release|Any CPU
		{5A88454A-D65B-49BF-8165-7E2CDAE446B0}.Debug|Any CPU.ActiveCfg = Debug|Any CPU
		{5A88454A-D65B-49BF-8165-7E2CDAE446B0}.Debug|Any CPU.Build.0 = Debug|Any CPU
		{5A88454A-D65B-49BF-8165-7E2CDAE446B0}.Release|Any CPU.ActiveCfg = Release|Any CPU
		{5A88454A-D65B-49BF-8165-7E2CDAE446B0}.Release|Any CPU.Build.0 = Release|Any CPU
		{66BE4C8A-A6D2-4157-9261-5EEAE1135FBB}.Debug|Any CPU.ActiveCfg = Debug|Any CPU
		{66BE4C8A-A6D2-4157-9261-5EEAE1135FBB}.Debug|Any CPU.Build.0 = Debug|Any CPU
		{66BE4C8A-A6D2-4157-9261-5EEAE1135FBB}.Release|Any CPU.ActiveCfg = Release|Any CPU
		{66BE4C8A-A6D2-4157-9261-5EEAE1135FBB}.Release|Any CPU.Build.0 = Release|Any CPU
		{CFF8901D-66CA-4201-A232-8B09979801EA}.Debug|Any CPU.ActiveCfg = Debug|Any CPU
		{CFF8901D-66CA-4201-A232-8B09979801EA}.Debug|Any CPU.Build.0 = Debug|Any CPU
		{CFF8901D-66CA-4201-A232-8B09979801EA}.Release|Any CPU.ActiveCfg = Release|Any CPU
		{CFF8901D-66CA-4201-A232-8B09979801EA}.Release|Any CPU.Build.0 = Release|Any CPU
	EndGlobalSection
	GlobalSection(SolutionProperties) = preSolution
		HideSolutionNode = FALSE
	EndGlobalSection
	GlobalSection(NestedProjects) = preSolution
		{6F5EB0C1-7E36-413D-8463-968B7F86FE53} = {EF646E4B-A54F-4160-AAD6-4142E6736489}
		{FDD8B37C-268C-41B6-8E64-EB49A827532D} = {6B402D49-4EA5-49E0-B717-F957A9415915}
		{1E4A6610-74F8-477B-BB07-A9C2CC6763ED} = {C5407F4F-E6E4-426D-9E39-1D8AE2303080}
		{EF646E4B-A54F-4160-AAD6-4142E6736489} = {23912551-289D-43BF-9B2D-5385308A09E4}
		{6B402D49-4EA5-49E0-B717-F957A9415915} = {23912551-289D-43BF-9B2D-5385308A09E4}
		{C5407F4F-E6E4-426D-9E39-1D8AE2303080} = {23912551-289D-43BF-9B2D-5385308A09E4}
		{050CEA5D-DACB-41C0-BDB7-2149DFCC53A1} = {EF646E4B-A54F-4160-AAD6-4142E6736489}
		{32932BA3-F415-428E-9196-40D6CDCC7D50} = {C5407F4F-E6E4-426D-9E39-1D8AE2303080}
		{DF2FDBDC-F137-419D-A0AE-451B70B0B9E8} = {EF646E4B-A54F-4160-AAD6-4142E6736489}
		{5A88454A-D65B-49BF-8165-7E2CDAE446B0} = {C5407F4F-E6E4-426D-9E39-1D8AE2303080}
		{66BE4C8A-A6D2-4157-9261-5EEAE1135FBB} = {EF646E4B-A54F-4160-AAD6-4142E6736489}
		{CFF8901D-66CA-4201-A232-8B09979801EA} = {C5407F4F-E6E4-426D-9E39-1D8AE2303080}
		{F6AACF5A-663B-4315-B7A9-05F785F3E9DA} = {EF646E4B-A54F-4160-AAD6-4142E6736489}
	EndGlobalSection
EndGlobal
