
Microsoft Visual Studio Solution File, Format Version 12.00
# Visual Studio 2013
VisualStudioVersion = 12.0.30110.0
MinimumVisualStudioVersion = 10.0.40219.1
Project("{2150E333-8FDC-42A3-9474-1A3956D46DE8}") = "src", "src", "{23912551-289D-43BF-9B2D-5385308A09E4}"
EndProject
Project("{FAE04EC0-301F-11D3-BF4B-00C04F79EFBC}") = "Orc.FilterBuilder", "FilterBuilder\Orc.FilterBuilder.csproj", "{6F5EB0C1-7E36-413D-8463-968B7F86FE53}"
EndProject
Project("{FAE04EC0-301F-11D3-BF4B-00C04F79EFBC}") = "Orc.FilterBuilder.Test", "FilterBuilder.Test\Orc.FilterBuilder.Test.csproj", "{FDD8B37C-268C-41B6-8E64-EB49A827532D}"
EndProject
Project("{2150E333-8FDC-42A3-9474-1A3956D46DE8}") = "lib", "lib", "{A8D1BDA5-71E1-4F19-8D0E-13289C5131F4}"
	ProjectSection(SolutionItems) = preProject
		..\lib\readme.txt = ..\lib\readme.txt
		..\lib\repositories.config = ..\lib\repositories.config
		..\lib\RestorePackages.bat = ..\lib\RestorePackages.bat
	EndProjectSection
EndProject
Project("{2150E333-8FDC-42A3-9474-1A3956D46DE8}") = "tools", "tools", "{FE201CA6-343E-4495-AACD-4EB7D88DA4A4}"
EndProject
Project("{2150E333-8FDC-42A3-9474-1A3956D46DE8}") = "NuGet", "NuGet", "{06E243DF-38A5-4CC4-9C3D-7DC616604FBE}"
	ProjectSection(SolutionItems) = preProject
		..\tools\NuGet\NuGet.exe = ..\tools\NuGet\NuGet.exe
	EndProjectSection
EndProject
Project("{2150E333-8FDC-42A3-9474-1A3956D46DE8}") = "GitVersion", "GitVersion", "{720AC33D-DF92-4E1B-8FF4-40A806FA3476}"
	ProjectSection(SolutionItems) = preProject
		..\tools\GitVersion\GitVersion.exe = ..\tools\GitVersion\GitVersion.exe
	EndProjectSection
EndProject
Global
	GlobalSection(SolutionConfigurationPlatforms) = preSolution
		Debug|Any CPU = Debug|Any CPU
		Release|Any CPU = Release|Any CPU
	EndGlobalSection
	GlobalSection(ProjectConfigurationPlatforms) = postSolution
		{6F5EB0C1-7E36-413D-8463-968B7F86FE53}.Debug|Any CPU.ActiveCfg = Debug|Any CPU
		{6F5EB0C1-7E36-413D-8463-968B7F86FE53}.Debug|Any CPU.Build.0 = Debug|Any CPU
		{6F5EB0C1-7E36-413D-8463-968B7F86FE53}.Release|Any CPU.ActiveCfg = Release|Any CPU
		{6F5EB0C1-7E36-413D-8463-968B7F86FE53}.Release|Any CPU.Build.0 = Release|Any CPU
		{FDD8B37C-268C-41B6-8E64-EB49A827532D}.Debug|Any CPU.ActiveCfg = Debug|Any CPU
		{FDD8B37C-268C-41B6-8E64-EB49A827532D}.Debug|Any CPU.Build.0 = Debug|Any CPU
		{FDD8B37C-268C-41B6-8E64-EB49A827532D}.Release|Any CPU.ActiveCfg = Release|Any CPU
		{FDD8B37C-268C-41B6-8E64-EB49A827532D}.Release|Any CPU.Build.0 = Release|Any CPU
	EndGlobalSection
	GlobalSection(SolutionProperties) = preSolution
		HideSolutionNode = FALSE
	EndGlobalSection
	GlobalSection(NestedProjects) = preSolution
		{6F5EB0C1-7E36-413D-8463-968B7F86FE53} = {23912551-289D-43BF-9B2D-5385308A09E4}
		{FDD8B37C-268C-41B6-8E64-EB49A827532D} = {23912551-289D-43BF-9B2D-5385308A09E4}
		{06E243DF-38A5-4CC4-9C3D-7DC616604FBE} = {FE201CA6-343E-4495-AACD-4EB7D88DA4A4}
		{720AC33D-DF92-4E1B-8FF4-40A806FA3476} = {FE201CA6-343E-4495-AACD-4EB7D88DA4A4}
	EndGlobalSection
EndGlobal
