
Microsoft Visual Studio Solution File, Format Version 12.00
# Visual Studio 2013
VisualStudioVersion = 12.0.30501.0
MinimumVisualStudioVersion = 10.0.40219.1
Project("{2150E333-8FDC-42A3-9474-1A3956D46DE8}") = "src", "src", "{23912551-289D-43BF-9B2D-5385308A09E4}"
EndProject
Project("{FAE04EC0-301F-11D3-BF4B-00C04F79EFBC}") = "Orc.FilterBuilder", "Orc.FilterBuilder\Orc.FilterBuilder.csproj", "{6F5EB0C1-7E36-413D-8463-968B7F86FE53}"
EndProject
Project("{FAE04EC0-301F-11D3-BF4B-00C04F79EFBC}") = "Orc.FilterBuilder.Example", "Orc.FilterBuilder.Example\Orc.FilterBuilder.Example.csproj", "{FDD8B37C-268C-41B6-8E64-EB49A827532D}"
EndProject
Project("{2150E333-8FDC-42A3-9474-1A3956D46DE8}") = "lib", "lib", "{A8D1BDA5-71E1-4F19-8D0E-13289C5131F4}"
	ProjectSection(SolutionItems) = preProject
		..\lib\readme.txt = ..\lib\readme.txt
		..\lib\repositories.config = ..\lib\repositories.config
		..\lib\RestorePackages.bat = ..\lib\RestorePackages.bat
	EndProjectSection
EndProject
Project("{FAE04EC0-301F-11D3-BF4B-00C04F79EFBC}") = "Orc.FilterBuilder.Tests", "Orc.FilterBuilder.Tests\Orc.FilterBuilder.Tests.csproj", "{1E4A6610-74F8-477B-BB07-A9C2CC6763ED}"
EndProject
Project("{2150E333-8FDC-42A3-9474-1A3956D46DE8}") = "misc", "misc", "{F9F59E5A-A3B1-47AF-938E-35C8793BC341}"
	ProjectSection(SolutionItems) = preProject
		nuget.config = nuget.config
		Orc.FilterBuilder.sln.DotSettings = Orc.FilterBuilder.sln.DotSettings
		Settings.StyleCop = Settings.StyleCop
		SolutionAssemblyInfo.cs = SolutionAssemblyInfo.cs
	EndProjectSection
EndProject
Global
	GlobalSection(SolutionConfigurationPlatforms) = preSolution
		Debug|Any CPU = Debug|Any CPU
		Release|Any CPU = Release|Any CPU
	EndGlobalSection
	GlobalSection(ProjectConfigurationPlatforms) = postSolution
		{6F5EB0C1-7E36-413D-8463-968B7F86FE53}.Debug|Any CPU.ActiveCfg = Debug|Any CPU
		{6F5EB0C1-7E36-413D-8463-968B7F86FE53}.Debug|Any CPU.Build.0 = Debug|Any CPU
		{6F5EB0C1-7E36-413D-8463-968B7F86FE53}.Release|Any CPU.ActiveCfg = Release|Any CPU
		{6F5EB0C1-7E36-413D-8463-968B7F86FE53}.Release|Any CPU.Build.0 = Release|Any CPU
		{FDD8B37C-268C-41B6-8E64-EB49A827532D}.Debug|Any CPU.ActiveCfg = Debug|Any CPU
		{FDD8B37C-268C-41B6-8E64-EB49A827532D}.Debug|Any CPU.Build.0 = Debug|Any CPU
		{FDD8B37C-268C-41B6-8E64-EB49A827532D}.Release|Any CPU.ActiveCfg = Release|Any CPU
		{FDD8B37C-268C-41B6-8E64-EB49A827532D}.Release|Any CPU.Build.0 = Release|Any CPU
		{1E4A6610-74F8-477B-BB07-A9C2CC6763ED}.Debug|Any CPU.ActiveCfg = Debug|Any CPU
		{1E4A6610-74F8-477B-BB07-A9C2CC6763ED}.Debug|Any CPU.Build.0 = Debug|Any CPU
		{1E4A6610-74F8-477B-BB07-A9C2CC6763ED}.Release|Any CPU.ActiveCfg = Release|Any CPU
		{1E4A6610-74F8-477B-BB07-A9C2CC6763ED}.Release|Any CPU.Build.0 = Release|Any CPU
	EndGlobalSection
	GlobalSection(SolutionProperties) = preSolution
		HideSolutionNode = FALSE
	EndGlobalSection
	GlobalSection(NestedProjects) = preSolution
		{6F5EB0C1-7E36-413D-8463-968B7F86FE53} = {23912551-289D-43BF-9B2D-5385308A09E4}
		{FDD8B37C-268C-41B6-8E64-EB49A827532D} = {23912551-289D-43BF-9B2D-5385308A09E4}
		{1E4A6610-74F8-477B-BB07-A9C2CC6763ED} = {23912551-289D-43BF-9B2D-5385308A09E4}
	EndGlobalSection
EndGlobal
